<?xml version="1.0" encoding="utf-8"?>
<Project ToolsVersion="4.0" xmlns="http://schemas.microsoft.com/developer/msbuild/2003">
  <ItemGroup>
    <Filter Include="Kaynak Dosyalar">
      <UniqueIdentifier>{4FC737F1-C7A5-4376-A066-2A32D752A2FF}</UniqueIdentifier>
      <Extensions>cpp;c;cc;cxx;def;odl;idl;hpj;bat;asm;asmx</Extensions>
    </Filter>
    <Filter Include="PhysicsEngine">
      <UniqueIdentifier>{c3c4eb86-4e6f-4ff3-a452-acfcbe5fa204}</UniqueIdentifier>
    </Filter>
  </ItemGroup>
  <ItemGroup>
    <ClCompile Include="PhysicsEngine.cpp">
      <Filter>Kaynak Dosyalar</Filter>
    </ClCompile>
    <ClCompile Include="PhysicsEngine\RigidBody.cpp">
      <Filter>PhysicsEngine</Filter>
    </ClCompile>
    <ClCompile Include="PhysicsEngine\Contact.cpp">
      <Filter>PhysicsEngine</Filter>
    </ClCompile>
    <ClCompile Include="DX11Demo.cpp">
      <Filter>Kaynak Dosyalar</Filter>
    </ClCompile>
  </ItemGroup>
  <ItemGroup>
    <ClInclude Include="PhysicsEngine\Matrix3.h">
      <Filter>PhysicsEngine</Filter>
    </ClInclude>
    <ClInclude Include="PhysicsEngine\Matrix4.h">
      <Filter>PhysicsEngine</Filter>
    </ClInclude>
    <ClInclude Include="PhysicsEngine\Quaternion.h">
      <Filter>PhysicsEngine</Filter>
    </ClInclude>
    <ClInclude Include="PhysicsEngine\RigidBody.h">
      <Filter>PhysicsEngine</Filter>
    </ClInclude>
    <ClInclude Include="PhysicsEngine\Vector3.h">
      <Filter>PhysicsEngine</Filter>
    </ClInclude>
    <ClInclude Include="PhysicsEngine\World.h">
      <Filter>PhysicsEngine</Filter>
    </ClInclude>
    <ClInclude Include="PhysicsEngine\Colliders.h">
      <Filter>PhysicsEngine</Filter>
    </ClInclude>
    <ClInclude Include="PhysicsEngine\CollisionDetector.h">
      <Filter>PhysicsEngine</Filter>
    </ClInclude>
    <ClInclude Include="PhysicsEngine\Contact.h">
      <Filter>PhysicsEngine</Filter>
    </ClInclude>
    <ClInclude Include="PhysicsEngine\headers.h">
      <Filter>PhysicsEngine</Filter>
    </ClInclude>
    <ClInclude Include="DX11Demo.h">
      <Filter>Kaynak Dosyalar</Filter>
    </ClInclude>
  </ItemGroup>
</Project>